'twig_docblock': |2
  {#
  /**
   * @file
   * Fepper theme's implementation for a menu block.
   *
   * @see system/templates/block--system-menu-block.html.twig
   */
  #}
'twig_set_heading_id': |2
  {% set heading_id = attributes.id ~ '-menu'|clean_id %}
'heading_id': |2
  \{\{ heading_id \}\}
'block_attributes': |2
  \{\{ attributes|without('role', 'aria-labelledby') \}\}
'# no_label\?': |2
  {% if not configuration.label_display %}
'/ no_label\?': |2
  {% endif %}
'title_prefix': |2
  \{\{ title_prefix \}\}
'title_attributes': |2
  \{\{ title_attributes.setAttribute('id', heading_id) \}\}
'title': |2
  \{\{ configuration.label \}\}
'title_suffix': |2
  \{\{ title_suffix \}\}
'# templates-block\?': |2
  {% block content %}
'fpo_template_content': |2
  \{\{ content \}\}
'/ templates-block\?': |2
  {% endblock %}
