"{ content_block_attributes }": |
  \{\{ attributes \}\}
"title_prefix": |
  \{\{ title_prefix \}\}
"# label\\?": |
  {% if label %}
"{ title_attributes }": |
  \{\{ title_attributes \}\}
"label": |
  \{\{ label \}\}
"/ label\\?": |
  {% endif %}
"# content\\?": |
  {% block content %}
"{ fpo_template_content }": |
  \{\{ content \}\}
"/ content\\?": |
  {% endblock %}
